
Microsoft Visual Studio Solution File, Format Version 12.00
# Visual Studio Version 16
VisualStudioVersion = 16.0.32106.194
MinimumVisualStudioVersion = 10.0.40219.1
Project("{FAE04EC0-301F-11D3-BF4B-00C04F79EFBC}") = "Task2", "Task2\Task2.csproj", "{F09B7357-934D-4228-89FC-7C50BC042D02}"
EndProject
Project("{FAE04EC0-301F-11D3-BF4B-00C04F79EFBC}") = "Task3", "Task3\Task3.csproj", "{AE44DE1C-B8DB-409D-A493-E93170AD4E66}"
EndProject
Project("{FAE04EC0-301F-11D3-BF4B-00C04F79EFBC}") = "Task4", "Task4\Task4.csproj", "{0A348B39-C9B2-4E0C-BFFC-D4C3F640389B}"
EndProject
Project("{FAE04EC0-301F-11D3-BF4B-00C04F79EFBC}") = "Task6", "Task6\Task6.csproj", "{51748899-359A-4913-B788-D4046AB5FF2F}"
EndProject
Global
	GlobalSection(SolutionConfigurationPlatforms) = preSolution
		Debug|Any CPU = Debug|Any CPU
		Release|Any CPU = Release|Any CPU
	EndGlobalSection
	GlobalSection(ProjectConfigurationPlatforms) = postSolution
		{F09B7357-934D-4228-89FC-7C50BC042D02}.Debug|Any CPU.ActiveCfg = Debug|Any CPU
		{F09B7357-934D-4228-89FC-7C50BC042D02}.Debug|Any CPU.Build.0 = Debug|Any CPU
		{F09B7357-934D-4228-89FC-7C50BC042D02}.Release|Any CPU.ActiveCfg = Release|Any CPU
		{F09B7357-934D-4228-89FC-7C50BC042D02}.Release|Any CPU.Build.0 = Release|Any CPU
		{AE44DE1C-B8DB-409D-A493-E93170AD4E66}.Debug|Any CPU.ActiveCfg = Debug|Any CPU
		{AE44DE1C-B8DB-409D-A493-E93170AD4E66}.Debug|Any CPU.Build.0 = Debug|Any CPU
		{AE44DE1C-B8DB-409D-A493-E93170AD4E66}.Release|Any CPU.ActiveCfg = Release|Any CPU
		{AE44DE1C-B8DB-409D-A493-E93170AD4E66}.Release|Any CPU.Build.0 = Release|Any CPU
		{0A348B39-C9B2-4E0C-BFFC-D4C3F640389B}.Debug|Any CPU.ActiveCfg = Debug|Any CPU
		{0A348B39-C9B2-4E0C-BFFC-D4C3F640389B}.Debug|Any CPU.Build.0 = Debug|Any CPU
		{0A348B39-C9B2-4E0C-BFFC-D4C3F640389B}.Release|Any CPU.ActiveCfg = Release|Any CPU
		{0A348B39-C9B2-4E0C-BFFC-D4C3F640389B}.Release|Any CPU.Build.0 = Release|Any CPU
		{51748899-359A-4913-B788-D4046AB5FF2F}.Debug|Any CPU.ActiveCfg = Debug|Any CPU
		{51748899-359A-4913-B788-D4046AB5FF2F}.Debug|Any CPU.Build.0 = Debug|Any CPU
		{51748899-359A-4913-B788-D4046AB5FF2F}.Release|Any CPU.ActiveCfg = Release|Any CPU
		{51748899-359A-4913-B788-D4046AB5FF2F}.Release|Any CPU.Build.0 = Release|Any CPU
	EndGlobalSection
	GlobalSection(SolutionProperties) = preSolution
		HideSolutionNode = FALSE
	EndGlobalSection
	GlobalSection(ExtensibilityGlobals) = postSolution
		SolutionGuid = {7FF5D72A-E4B7-4F09-8105-404B17689023}
	EndGlobalSection
EndGlobal
